// !$*UTF8*$!
{
	archiveVersion = 1;
	classes = {
	};
	objectVersion = 56;
	objects = {

/* Begin PBXBuildFile section */
		660422862AACA28F00FA3082 /* AppDelegate.swift in Sources */ = {isa = PBXBuildFile; fileRef = 660422852AACA28F00FA3082 /* AppDelegate.swift */; };
		660422882AACA28F00FA3082 /* SceneDelegate.swift in Sources */ = {isa = PBXBuildFile; fileRef = 660422872AACA28F00FA3082 /* SceneDelegate.swift */; };
		6604228A2AACA28F00FA3082 /* MainViewController.swift in Sources */ = {isa = PBXBuildFile; fileRef = 660422892AACA28F00FA3082 /* MainViewController.swift */; };
		6604228F2AACA29100FA3082 /* Assets.xcassets in Resources */ = {isa = PBXBuildFile; fileRef = 6604228E2AACA29100FA3082 /* Assets.xcassets */; };
		660422A02AAE232000FA3082 /* CalendarView.swift in Sources */ = {isa = PBXBuildFile; fileRef = 6604229F2AAE232000FA3082 /* CalendarView.swift */; };
		660422A22AAF514A00FA3082 /* WeatherView.swift in Sources */ = {isa = PBXBuildFile; fileRef = 660422A12AAF514A00FA3082 /* WeatherView.swift */; };
		6610E12E2AED3C0F000BB304 /* UserModel.swift in Sources */ = {isa = PBXBuildFile; fileRef = 6610E12D2AED3C0F000BB304 /* UserModel.swift */; };
		6610E1302AF242E2000BB304 /* Notifications.swift in Sources */ = {isa = PBXBuildFile; fileRef = 6610E12F2AF242E2000BB304 /* Notifications.swift */; };
		6610E1322AF26857000BB304 /* WeatherModel.swift in Sources */ = {isa = PBXBuildFile; fileRef = 6610E1312AF26857000BB304 /* WeatherModel.swift */; };
		6610E1352AF26BAF000BB304 /* NetworkRequest.swift in Sources */ = {isa = PBXBuildFile; fileRef = 6610E1342AF26BAF000BB304 /* NetworkRequest.swift */; };
		6610E1372AF27080000BB304 /* NetworkDataFetch.swift in Sources */ = {isa = PBXBuildFile; fileRef = 6610E1362AF2707F000BB304 /* NetworkDataFetch.swift */; };
		6610E1392AF287EC000BB304 /* NetworkImageRequest.swift in Sources */ = {isa = PBXBuildFile; fileRef = 6610E1382AF287EC000BB304 /* NetworkImageRequest.swift */; };
		6610E13E2AF29581000BB304 /* OnboardingCollectionViewCell.swift in Sources */ = {isa = PBXBuildFile; fileRef = 6610E13D2AF29581000BB304 /* OnboardingCollectionViewCell.swift */; };
		6610E1402AF2966F000BB304 /* OnboardingViewController.swift in Sources */ = {isa = PBXBuildFile; fileRef = 6610E13F2AF2966F000BB304 /* OnboardingViewController.swift */; };
		664351E52AB0A4BF00F34132 /* UIView + Extensions.swift in Sources */ = {isa = PBXBuildFile; fileRef = 664351E42AB0A4BF00F34132 /* UIView + Extensions.swift */; };
		664351E92AB0AAF500F34132 /* Roboto-Medium.ttf in Resources */ = {isa = PBXBuildFile; fileRef = 664351E72AB0AAF500F34132 /* Roboto-Medium.ttf */; };
		664351EA2AB0AAF500F34132 /* Roboto-Bold.ttf in Resources */ = {isa = PBXBuildFile; fileRef = 664351E82AB0AAF500F34132 /* Roboto-Bold.ttf */; };
		66514E692AC07BAC00C3E7F9 /* UIViewController + Extensions.swift in Sources */ = {isa = PBXBuildFile; fileRef = 66514E682AC07BAC00C3E7F9 /* UIViewController + Extensions.swift */; };
		665269B52AD804CA00357F9C /* ProfileCollectionViewCell.swift in Sources */ = {isa = PBXBuildFile; fileRef = 665269B42AD804CA00357F9C /* ProfileCollectionViewCell.swift */; };
		665269B72AD805ED00357F9C /* ProfileViewController.swift in Sources */ = {isa = PBXBuildFile; fileRef = 665269B62AD805ED00357F9C /* ProfileViewController.swift */; };
		66A021EA2AB0B960002E854A /* UIColor + Extensions.swift in Sources */ = {isa = PBXBuildFile; fileRef = 66A021E92AB0B960002E854A /* UIColor + Extensions.swift */; };
		66A021EC2AB0BBA5002E854A /* UIFont + Extensions.swift in Sources */ = {isa = PBXBuildFile; fileRef = 66A021EB2AB0BBA5002E854A /* UIFont + Extensions.swift */; };
		66A021EE2AB0BF0C002E854A /* CalendarCollectionView.swift in Sources */ = {isa = PBXBuildFile; fileRef = 66A021ED2AB0BF0C002E854A /* CalendarCollectionView.swift */; };
		66A021F12AB0C166002E854A /* CalendarCollectionViewCell.swift in Sources */ = {isa = PBXBuildFile; fileRef = 66A021F02AB0C166002E854A /* CalendarCollectionViewCell.swift */; };
		66A021F32AB356D6002E854A /* UILabel + Extensions.swift in Sources */ = {isa = PBXBuildFile; fileRef = 66A021F22AB356D6002E854A /* UILabel + Extensions.swift */; };
		66A021F52AB35980002E854A /* MainTableView.swift in Sources */ = {isa = PBXBuildFile; fileRef = 66A021F42AB35980002E854A /* MainTableView.swift */; };
		66A021F72AB35B6B002E854A /* WorkoutTableViewCell.swift in Sources */ = {isa = PBXBuildFile; fileRef = 66A021F62AB35B6B002E854A /* WorkoutTableViewCell.swift */; };
		66A021FF2AB7298D002E854A /* StatisticViewController.swift in Sources */ = {isa = PBXBuildFile; fileRef = 66A021FE2AB7298D002E854A /* StatisticViewController.swift */; };
		66A022012AB73DEC002E854A /* StaticticsTableViewCell.swift in Sources */ = {isa = PBXBuildFile; fileRef = 66A022002AB73DEC002E854A /* StaticticsTableViewCell.swift */; };
		66A022032AB74770002E854A /* StatisticsTableView.swift in Sources */ = {isa = PBXBuildFile; fileRef = 66A022022AB74770002E854A /* StatisticsTableView.swift */; };
		66A022062AB89EFB002E854A /* Realm in Frameworks */ = {isa = PBXBuildFile; productRef = 66A022052AB89EFB002E854A /* Realm */; };
		66A022082AB89EFB002E854A /* RealmSwift in Frameworks */ = {isa = PBXBuildFile; productRef = 66A022072AB89EFB002E854A /* RealmSwift */; };
		66A0220B2AB8AB39002E854A /* MainTabBarController.swift in Sources */ = {isa = PBXBuildFile; fileRef = 66A0220A2AB8AB39002E854A /* MainTabBarController.swift */; };
		66A022102AB9C1A8002E854A /* NewWorkoutViewController.swift in Sources */ = {isa = PBXBuildFile; fileRef = 66A0220F2AB9C1A8002E854A /* NewWorkoutViewController.swift */; };
		66A022132AB9C56F002E854A /* CloseButton.swift in Sources */ = {isa = PBXBuildFile; fileRef = 66A022122AB9C56F002E854A /* CloseButton.swift */; };
		66A022152AB9D221002E854A /* NameView.swift in Sources */ = {isa = PBXBuildFile; fileRef = 66A022142AB9D221002E854A /* NameView.swift */; };
		66A022172AB9D363002E854A /* BrownTextField.swift in Sources */ = {isa = PBXBuildFile; fileRef = 66A022162AB9D363002E854A /* BrownTextField.swift */; };
		66A022192ABB17C6002E854A /* DateAndRepeatView.swift in Sources */ = {isa = PBXBuildFile; fileRef = 66A022182ABB17C6002E854A /* DateAndRepeatView.swift */; };
		66A0221B2ABB3A16002E854A /* GreenSlider.swift in Sources */ = {isa = PBXBuildFile; fileRef = 66A0221A2ABB3A16002E854A /* GreenSlider.swift */; };
		66A0221E2ABB3B13002E854A /* SliderView.swift in Sources */ = {isa = PBXBuildFile; fileRef = 66A0221D2ABB3B13002E854A /* SliderView.swift */; };
		66A022202ABB3F91002E854A /* RepsOrTimerView.swift in Sources */ = {isa = PBXBuildFile; fileRef = 66A0221F2ABB3F91002E854A /* RepsOrTimerView.swift */; };
		66A022222ABB44BE002E854A /* GreenButton.swift in Sources */ = {isa = PBXBuildFile; fileRef = 66A022212ABB44BE002E854A /* GreenButton.swift */; };
		66A022252ABB4B5E002E854A /* SliderType.swift in Sources */ = {isa = PBXBuildFile; fileRef = 66A022242ABB4B5E002E854A /* SliderType.swift */; };
		66A022272ABC8214002E854A /* Int + Extensions.swift in Sources */ = {isa = PBXBuildFile; fileRef = 66A022262ABC8214002E854A /* Int + Extensions.swift */; };
		66A022292ABC8A54002E854A /* WorkoutModel.swift in Sources */ = {isa = PBXBuildFile; fileRef = 66A022282ABC8A54002E854A /* WorkoutModel.swift */; };
		66A0222B2ABC9351002E854A /* Date + Extensions.swift in Sources */ = {isa = PBXBuildFile; fileRef = 66A0222A2ABC9351002E854A /* Date + Extensions.swift */; };
		66A0222E2ABC987B002E854A /* RealmManager.swift in Sources */ = {isa = PBXBuildFile; fileRef = 66A0222D2ABC987B002E854A /* RealmManager.swift */; };
		66A739112AC4841000A04304 /* UIStackView + Extensions.swift in Sources */ = {isa = PBXBuildFile; fileRef = 66A739102AC4841000A04304 /* UIStackView + Extensions.swift */; };
		66A739142AC5C8B900A04304 /* DifferenceWorkout.swift in Sources */ = {isa = PBXBuildFile; fileRef = 66A739132AC5C8B900A04304 /* DifferenceWorkout.swift */; };
		66A7391A2ACAF97300A04304 /* RepsWorkoutViewController.swift in Sources */ = {isa = PBXBuildFile; fileRef = 66A739192ACAF97300A04304 /* RepsWorkoutViewController.swift */; };
		66A7391C2ACAF99400A04304 /* WorkoutParametersView.swift in Sources */ = {isa = PBXBuildFile; fileRef = 66A7391B2ACAF99400A04304 /* WorkoutParametersView.swift */; };
		66A7391E2ACB156600A04304 /* customAlert.swift in Sources */ = {isa = PBXBuildFile; fileRef = 66A7391D2ACB156600A04304 /* customAlert.swift */; };
		66A739242ACD9C2600A04304 /* TimerWorkoutViewController.swift in Sources */ = {isa = PBXBuildFile; fileRef = 66A739232ACD9C2600A04304 /* TimerWorkoutViewController.swift */; };
		66A739262ACD9C4D00A04304 /* TimerWorkoutParametersView.swift in Sources */ = {isa = PBXBuildFile; fileRef = 66A739252ACD9C4D00A04304 /* TimerWorkoutParametersView.swift */; };
		66A739322AD173D900A04304 /* SettingsViewController.swift in Sources */ = {isa = PBXBuildFile; fileRef = 66A739312AD173D900A04304 /* SettingsViewController.swift */; };
		66A739342AD1747300A04304 /* SettingsView.swift in Sources */ = {isa = PBXBuildFile; fileRef = 66A739332AD1747300A04304 /* SettingsView.swift */; };
/* End PBXBuildFile section */

/* Begin PBXFileReference section */
		660422822AACA28F00FA3082 /* FitnesFirst.app */ = {isa = PBXFileReference; explicitFileType = wrapper.application; includeInIndex = 0; path = FitnesFirst.app; sourceTree = BUILT_PRODUCTS_DIR; };
		660422852AACA28F00FA3082 /* AppDelegate.swift */ = {isa = PBXFileReference; lastKnownFileType = sourcecode.swift; path = AppDelegate.swift; sourceTree = "<group>"; };
		660422872AACA28F00FA3082 /* SceneDelegate.swift */ = {isa = PBXFileReference; lastKnownFileType = sourcecode.swift; path = SceneDelegate.swift; sourceTree = "<group>"; };
		660422892AACA28F00FA3082 /* MainViewController.swift */ = {isa = PBXFileReference; lastKnownFileType = sourcecode.swift; path = MainViewController.swift; sourceTree = "<group>"; };
		6604228E2AACA29100FA3082 /* Assets.xcassets */ = {isa = PBXFileReference; lastKnownFileType = folder.assetcatalog; path = Assets.xcassets; sourceTree = "<group>"; };
		660422932AACA29100FA3082 /* Info.plist */ = {isa = PBXFileReference; lastKnownFileType = text.plist.xml; path = Info.plist; sourceTree = "<group>"; };
		6604229F2AAE232000FA3082 /* CalendarView.swift */ = {isa = PBXFileReference; lastKnownFileType = sourcecode.swift; path = CalendarView.swift; sourceTree = "<group>"; };
		660422A12AAF514A00FA3082 /* WeatherView.swift */ = {isa = PBXFileReference; lastKnownFileType = sourcecode.swift; path = WeatherView.swift; sourceTree = "<group>"; };
		6610E12D2AED3C0F000BB304 /* UserModel.swift */ = {isa = PBXFileReference; lastKnownFileType = sourcecode.swift; path = UserModel.swift; sourceTree = "<group>"; };
		6610E12F2AF242E2000BB304 /* Notifications.swift */ = {isa = PBXFileReference; lastKnownFileType = sourcecode.swift; path = Notifications.swift; sourceTree = "<group>"; };
		6610E1312AF26857000BB304 /* WeatherModel.swift */ = {isa = PBXFileReference; lastKnownFileType = sourcecode.swift; path = WeatherModel.swift; sourceTree = "<group>"; };
		6610E1342AF26BAF000BB304 /* NetworkRequest.swift */ = {isa = PBXFileReference; lastKnownFileType = sourcecode.swift; path = NetworkRequest.swift; sourceTree = "<group>"; };
		6610E1362AF2707F000BB304 /* NetworkDataFetch.swift */ = {isa = PBXFileReference; lastKnownFileType = sourcecode.swift; path = NetworkDataFetch.swift; sourceTree = "<group>"; };
		6610E1382AF287EC000BB304 /* NetworkImageRequest.swift */ = {isa = PBXFileReference; lastKnownFileType = sourcecode.swift; path = NetworkImageRequest.swift; sourceTree = "<group>"; };
		6610E13D2AF29581000BB304 /* OnboardingCollectionViewCell.swift */ = {isa = PBXFileReference; lastKnownFileType = sourcecode.swift; path = OnboardingCollectionViewCell.swift; sourceTree = "<group>"; };
		6610E13F2AF2966F000BB304 /* OnboardingViewController.swift */ = {isa = PBXFileReference; lastKnownFileType = sourcecode.swift; path = OnboardingViewController.swift; sourceTree = "<group>"; };
		664351E42AB0A4BF00F34132 /* UIView + Extensions.swift */ = {isa = PBXFileReference; lastKnownFileType = sourcecode.swift; path = "UIView + Extensions.swift"; sourceTree = "<group>"; };
		664351E72AB0AAF500F34132 /* Roboto-Medium.ttf */ = {isa = PBXFileReference; lastKnownFileType = file; path = "Roboto-Medium.ttf"; sourceTree = "<group>"; };
		664351E82AB0AAF500F34132 /* Roboto-Bold.ttf */ = {isa = PBXFileReference; lastKnownFileType = file; path = "Roboto-Bold.ttf"; sourceTree = "<group>"; };
		66514E682AC07BAC00C3E7F9 /* UIViewController + Extensions.swift */ = {isa = PBXFileReference; lastKnownFileType = sourcecode.swift; path = "UIViewController + Extensions.swift"; sourceTree = "<group>"; };
		665269B42AD804CA00357F9C /* ProfileCollectionViewCell.swift */ = {isa = PBXFileReference; lastKnownFileType = sourcecode.swift; path = ProfileCollectionViewCell.swift; sourceTree = "<group>"; };
		665269B62AD805ED00357F9C /* ProfileViewController.swift */ = {isa = PBXFileReference; lastKnownFileType = sourcecode.swift; path = ProfileViewController.swift; sourceTree = "<group>"; };
		66A021E92AB0B960002E854A /* UIColor + Extensions.swift */ = {isa = PBXFileReference; lastKnownFileType = sourcecode.swift; path = "UIColor + Extensions.swift"; sourceTree = "<group>"; };
		66A021EB2AB0BBA5002E854A /* UIFont + Extensions.swift */ = {isa = PBXFileReference; lastKnownFileType = sourcecode.swift; path = "UIFont + Extensions.swift"; sourceTree = "<group>"; };
		66A021ED2AB0BF0C002E854A /* CalendarCollectionView.swift */ = {isa = PBXFileReference; lastKnownFileType = sourcecode.swift; path = CalendarCollectionView.swift; sourceTree = "<group>"; };
		66A021F02AB0C166002E854A /* CalendarCollectionViewCell.swift */ = {isa = PBXFileReference; lastKnownFileType = sourcecode.swift; path = CalendarCollectionViewCell.swift; sourceTree = "<group>"; };
		66A021F22AB356D6002E854A /* UILabel + Extensions.swift */ = {isa = PBXFileReference; lastKnownFileType = sourcecode.swift; path = "UILabel + Extensions.swift"; sourceTree = "<group>"; };
		66A021F42AB35980002E854A /* MainTableView.swift */ = {isa = PBXFileReference; lastKnownFileType = sourcecode.swift; path = MainTableView.swift; sourceTree = "<group>"; };
		66A021F62AB35B6B002E854A /* WorkoutTableViewCell.swift */ = {isa = PBXFileReference; lastKnownFileType = sourcecode.swift; path = WorkoutTableViewCell.swift; sourceTree = "<group>"; };
		66A021FE2AB7298D002E854A /* StatisticViewController.swift */ = {isa = PBXFileReference; lastKnownFileType = sourcecode.swift; path = StatisticViewController.swift; sourceTree = "<group>"; };
		66A022002AB73DEC002E854A /* StaticticsTableViewCell.swift */ = {isa = PBXFileReference; lastKnownFileType = sourcecode.swift; path = StaticticsTableViewCell.swift; sourceTree = "<group>"; };
		66A022022AB74770002E854A /* StatisticsTableView.swift */ = {isa = PBXFileReference; lastKnownFileType = sourcecode.swift; path = StatisticsTableView.swift; sourceTree = "<group>"; };
		66A0220A2AB8AB39002E854A /* MainTabBarController.swift */ = {isa = PBXFileReference; lastKnownFileType = sourcecode.swift; path = MainTabBarController.swift; sourceTree = "<group>"; };
		66A0220F2AB9C1A8002E854A /* NewWorkoutViewController.swift */ = {isa = PBXFileReference; lastKnownFileType = sourcecode.swift; path = NewWorkoutViewController.swift; sourceTree = "<group>"; };
		66A022122AB9C56F002E854A /* CloseButton.swift */ = {isa = PBXFileReference; lastKnownFileType = sourcecode.swift; path = CloseButton.swift; sourceTree = "<group>"; };
		66A022142AB9D221002E854A /* NameView.swift */ = {isa = PBXFileReference; lastKnownFileType = sourcecode.swift; path = NameView.swift; sourceTree = "<group>"; };
		66A022162AB9D363002E854A /* BrownTextField.swift */ = {isa = PBXFileReference; lastKnownFileType = sourcecode.swift; path = BrownTextField.swift; sourceTree = "<group>"; };
		66A022182ABB17C6002E854A /* DateAndRepeatView.swift */ = {isa = PBXFileReference; lastKnownFileType = sourcecode.swift; path = DateAndRepeatView.swift; sourceTree = "<group>"; };
		66A0221A2ABB3A16002E854A /* GreenSlider.swift */ = {isa = PBXFileReference; lastKnownFileType = sourcecode.swift; path = GreenSlider.swift; sourceTree = "<group>"; };
		66A0221D2ABB3B13002E854A /* SliderView.swift */ = {isa = PBXFileReference; lastKnownFileType = sourcecode.swift; path = SliderView.swift; sourceTree = "<group>"; };
		66A0221F2ABB3F91002E854A /* RepsOrTimerView.swift */ = {isa = PBXFileReference; lastKnownFileType = sourcecode.swift; path = RepsOrTimerView.swift; sourceTree = "<group>"; };
		66A022212ABB44BE002E854A /* GreenButton.swift */ = {isa = PBXFileReference; lastKnownFileType = sourcecode.swift; path = GreenButton.swift; sourceTree = "<group>"; };
		66A022242ABB4B5E002E854A /* SliderType.swift */ = {isa = PBXFileReference; lastKnownFileType = sourcecode.swift; path = SliderType.swift; sourceTree = "<group>"; };
		66A022262ABC8214002E854A /* Int + Extensions.swift */ = {isa = PBXFileReference; lastKnownFileType = sourcecode.swift; path = "Int + Extensions.swift"; sourceTree = "<group>"; };
		66A022282ABC8A54002E854A /* WorkoutModel.swift */ = {isa = PBXFileReference; lastKnownFileType = sourcecode.swift; path = WorkoutModel.swift; sourceTree = "<group>"; };
		66A0222A2ABC9351002E854A /* Date + Extensions.swift */ = {isa = PBXFileReference; lastKnownFileType = sourcecode.swift; path = "Date + Extensions.swift"; sourceTree = "<group>"; };
		66A0222D2ABC987B002E854A /* RealmManager.swift */ = {isa = PBXFileReference; lastKnownFileType = sourcecode.swift; path = RealmManager.swift; sourceTree = "<group>"; };
		66A739102AC4841000A04304 /* UIStackView + Extensions.swift */ = {isa = PBXFileReference; lastKnownFileType = sourcecode.swift; path = "UIStackView + Extensions.swift"; sourceTree = "<group>"; };
		66A739132AC5C8B900A04304 /* DifferenceWorkout.swift */ = {isa = PBXFileReference; lastKnownFileType = sourcecode.swift; path = DifferenceWorkout.swift; sourceTree = "<group>"; };
		66A739192ACAF97300A04304 /* RepsWorkoutViewController.swift */ = {isa = PBXFileReference; lastKnownFileType = sourcecode.swift; path = RepsWorkoutViewController.swift; sourceTree = "<group>"; };
		66A7391B2ACAF99400A04304 /* WorkoutParametersView.swift */ = {isa = PBXFileReference; lastKnownFileType = sourcecode.swift; path = WorkoutParametersView.swift; sourceTree = "<group>"; };
		66A7391D2ACB156600A04304 /* customAlert.swift */ = {isa = PBXFileReference; lastKnownFileType = sourcecode.swift; path = customAlert.swift; sourceTree = "<group>"; };
		66A739232ACD9C2600A04304 /* TimerWorkoutViewController.swift */ = {isa = PBXFileReference; lastKnownFileType = sourcecode.swift; path = TimerWorkoutViewController.swift; sourceTree = "<group>"; };
		66A739252ACD9C4D00A04304 /* TimerWorkoutParametersView.swift */ = {isa = PBXFileReference; lastKnownFileType = sourcecode.swift; path = TimerWorkoutParametersView.swift; sourceTree = "<group>"; };
		66A739312AD173D900A04304 /* SettingsViewController.swift */ = {isa = PBXFileReference; lastKnownFileType = sourcecode.swift; path = SettingsViewController.swift; sourceTree = "<group>"; };
		66A739332AD1747300A04304 /* SettingsView.swift */ = {isa = PBXFileReference; lastKnownFileType = sourcecode.swift; path = SettingsView.swift; sourceTree = "<group>"; };
/* End PBXFileReference section */

/* Begin PBXFrameworksBuildPhase section */
		6604227F2AACA28F00FA3082 /* Frameworks */ = {
			isa = PBXFrameworksBuildPhase;
			buildActionMask = 2147483647;
			files = (
				66A022082AB89EFB002E854A /* RealmSwift in Frameworks */,
				66A022062AB89EFB002E854A /* Realm in Frameworks */,
			);
			runOnlyForDeploymentPostprocessing = 0;
		};
/* End PBXFrameworksBuildPhase section */

/* Begin PBXGroup section */
		660422792AACA28F00FA3082 = {
			isa = PBXGroup;
			children = (
				660422842AACA28F00FA3082 /* FitnesFirst */,
				6604229A2AAE0C8500FA3082 /* SupportingFiles */,
				660422832AACA28F00FA3082 /* Products */,
			);
			sourceTree = "<group>";
		};
		660422832AACA28F00FA3082 /* Products */ = {
			isa = PBXGroup;
			children = (
				660422822AACA28F00FA3082 /* FitnesFirst.app */,
			);
			name = Products;
			sourceTree = "<group>";
		};
		660422842AACA28F00FA3082 /* FitnesFirst */ = {
			isa = PBXGroup;
			children = (
				660422992AAE0C3900FA3082 /* Application */,
				6610E13A2AF292CB000BB304 /* OnBoardingModule */,
				66A022092AB8AB05002E854A /* NavigationModule */,
				6604229B2AAE0D1500FA3082 /* MainModule */,
				66A0220C2AB9C155002E854A /* NewWorkoutModule */,
				66A739152ACAF80B00A04304 /* RepsWorkoutModule */,
				66A739162ACAF82300A04304 /* TimerWorkoutModule */,
				66A7392E2AD1738700A04304 /* SettingModule */,
				6610E1332AF26AE1000BB304 /* Network */,
				66A0222C2ABC9858002E854A /* Service */,
				66A021FA2AB72902002E854A /* StatisticModule */,
				66A021FC2AB7293D002E854A /* Controllers */,
				660422A32AB0A20800FA3082 /* Extensions */,
			);
			path = FitnesFirst;
			sourceTree = "<group>";
		};
		660422992AAE0C3900FA3082 /* Application */ = {
			isa = PBXGroup;
			children = (
				660422872AACA28F00FA3082 /* SceneDelegate.swift */,
				660422852AACA28F00FA3082 /* AppDelegate.swift */,
				6610E12F2AF242E2000BB304 /* Notifications.swift */,
			);
			path = Application;
			sourceTree = "<group>";
		};
		6604229A2AAE0C8500FA3082 /* SupportingFiles */ = {
			isa = PBXGroup;
			children = (
				664351E62AB0AA5700F34132 /* Fonts */,
				6604228E2AACA29100FA3082 /* Assets.xcassets */,
				660422932AACA29100FA3082 /* Info.plist */,
			);
			path = SupportingFiles;
			sourceTree = "<group>";
		};
		6604229B2AAE0D1500FA3082 /* MainModule */ = {
			isa = PBXGroup;
			children = (
				6604229C2AAE0D4B00FA3082 /* Models */,
				6604229D2AAE0D5400FA3082 /* Views */,
				6604229E2AAE0D5D00FA3082 /* Controllers */,
			);
			path = MainModule;
			sourceTree = "<group>";
		};
		6604229C2AAE0D4B00FA3082 /* Models */ = {
			isa = PBXGroup;
			children = (
				66A022282ABC8A54002E854A /* WorkoutModel.swift */,
				6610E12D2AED3C0F000BB304 /* UserModel.swift */,
				6610E1312AF26857000BB304 /* WeatherModel.swift */,
			);
			path = Models;
			sourceTree = "<group>";
		};
		6604229D2AAE0D5400FA3082 /* Views */ = {
			isa = PBXGroup;
			children = (
				66A021EF2AB0C13A002E854A /* Cells */,
				6604229F2AAE232000FA3082 /* CalendarView.swift */,
				660422A12AAF514A00FA3082 /* WeatherView.swift */,
				66A021ED2AB0BF0C002E854A /* CalendarCollectionView.swift */,
				66A021F42AB35980002E854A /* MainTableView.swift */,
			);
			path = Views;
			sourceTree = "<group>";
		};
		6604229E2AAE0D5D00FA3082 /* Controllers */ = {
			isa = PBXGroup;
			children = (
				660422892AACA28F00FA3082 /* MainViewController.swift */,
			);
			path = Controllers;
			sourceTree = "<group>";
		};
		660422A32AB0A20800FA3082 /* Extensions */ = {
			isa = PBXGroup;
			children = (
				664351E32AB0A49C00F34132 /* UIKit */,
				66A022112AB9C554002E854A /* Components */,
				66A0222A2ABC9351002E854A /* Date + Extensions.swift */,
				66A022262ABC8214002E854A /* Int + Extensions.swift */,
			);
			path = Extensions;
			sourceTree = "<group>";
		};
		6610E12C2AE7F206000BB304 /* Cells */ = {
			isa = PBXGroup;
			children = (
				665269B42AD804CA00357F9C /* ProfileCollectionViewCell.swift */,
			);
			path = Cells;
			sourceTree = "<group>";
		};
		6610E1332AF26AE1000BB304 /* Network */ = {
			isa = PBXGroup;
			children = (
				6610E1342AF26BAF000BB304 /* NetworkRequest.swift */,
				6610E1362AF2707F000BB304 /* NetworkDataFetch.swift */,
				6610E1382AF287EC000BB304 /* NetworkImageRequest.swift */,
			);
			path = Network;
			sourceTree = "<group>";
		};
		6610E13A2AF292CB000BB304 /* OnBoardingModule */ = {
			isa = PBXGroup;
			children = (
				6610E13C2AF292F7000BB304 /* Views */,
				6610E13B2AF292ED000BB304 /* Controllers */,
			);
			path = OnBoardingModule;
			sourceTree = "<group>";
		};
		6610E13B2AF292ED000BB304 /* Controllers */ = {
			isa = PBXGroup;
			children = (
				6610E13F2AF2966F000BB304 /* OnboardingViewController.swift */,
			);
			path = Controllers;
			sourceTree = "<group>";
		};
		6610E13C2AF292F7000BB304 /* Views */ = {
			isa = PBXGroup;
			children = (
				6610E13D2AF29581000BB304 /* OnboardingCollectionViewCell.swift */,
			);
			path = Views;
			sourceTree = "<group>";
		};
		664351E32AB0A49C00F34132 /* UIKit */ = {
			isa = PBXGroup;
			children = (
				664351E42AB0A4BF00F34132 /* UIView + Extensions.swift */,
				66A021E92AB0B960002E854A /* UIColor + Extensions.swift */,
				66A021EB2AB0BBA5002E854A /* UIFont + Extensions.swift */,
				66A021F22AB356D6002E854A /* UILabel + Extensions.swift */,
				66A739102AC4841000A04304 /* UIStackView + Extensions.swift */,
				66514E682AC07BAC00C3E7F9 /* UIViewController + Extensions.swift */,
			);
			path = UIKit;
			sourceTree = "<group>";
		};
		664351E62AB0AA5700F34132 /* Fonts */ = {
			isa = PBXGroup;
			children = (
				664351E82AB0AAF500F34132 /* Roboto-Bold.ttf */,
				664351E72AB0AAF500F34132 /* Roboto-Medium.ttf */,
			);
			name = Fonts;
			sourceTree = "<group>";
		};
		66A021EF2AB0C13A002E854A /* Cells */ = {
			isa = PBXGroup;
			children = (
				66A021F02AB0C166002E854A /* CalendarCollectionViewCell.swift */,
				66A021F62AB35B6B002E854A /* WorkoutTableViewCell.swift */,
			);
			path = Cells;
			sourceTree = "<group>";
		};
		66A021FA2AB72902002E854A /* StatisticModule */ = {
			isa = PBXGroup;
			children = (
				66A739122AC5C8A100A04304 /* Models */,
				66A021FB2AB72930002E854A /* Views */,
			);
			path = StatisticModule;
			sourceTree = "<group>";
		};
		66A021FB2AB72930002E854A /* Views */ = {
			isa = PBXGroup;
			children = (
				66A021FD2AB7294D002E854A /* Cells */,
				66A022022AB74770002E854A /* StatisticsTableView.swift */,
			);
			path = Views;
			sourceTree = "<group>";
		};
		66A021FC2AB7293D002E854A /* Controllers */ = {
			isa = PBXGroup;
			children = (
				66A021FE2AB7298D002E854A /* StatisticViewController.swift */,
			);
			path = Controllers;
			sourceTree = "<group>";
		};
		66A021FD2AB7294D002E854A /* Cells */ = {
			isa = PBXGroup;
			children = (
				66A022002AB73DEC002E854A /* StaticticsTableViewCell.swift */,
			);
			path = Cells;
			sourceTree = "<group>";
		};
		66A022092AB8AB05002E854A /* NavigationModule */ = {
			isa = PBXGroup;
			children = (
				66A0220A2AB8AB39002E854A /* MainTabBarController.swift */,
			);
			path = NavigationModule;
			sourceTree = "<group>";
		};
		66A0220C2AB9C155002E854A /* NewWorkoutModule */ = {
			isa = PBXGroup;
			children = (
				66A022232ABB4B3A002E854A /* Model */,
				66A0220D2AB9C176002E854A /* Views */,
				66A0220E2AB9C17D002E854A /* Controllers */,
			);
			path = NewWorkoutModule;
			sourceTree = "<group>";
		};
		66A0220D2AB9C176002E854A /* Views */ = {
			isa = PBXGroup;
			children = (
				66A0221C2ABB3AF1002E854A /* Subviews */,
				66A022142AB9D221002E854A /* NameView.swift */,
				66A022182ABB17C6002E854A /* DateAndRepeatView.swift */,
				66A0221F2ABB3F91002E854A /* RepsOrTimerView.swift */,
			);
			path = Views;
			sourceTree = "<group>";
		};
		66A0220E2AB9C17D002E854A /* Controllers */ = {
			isa = PBXGroup;
			children = (
				66A0220F2AB9C1A8002E854A /* NewWorkoutViewController.swift */,
			);
			path = Controllers;
			sourceTree = "<group>";
		};
		66A022112AB9C554002E854A /* Components */ = {
			isa = PBXGroup;
			children = (
				66A022122AB9C56F002E854A /* CloseButton.swift */,
				66A022162AB9D363002E854A /* BrownTextField.swift */,
				66A0221A2ABB3A16002E854A /* GreenSlider.swift */,
				66A022212ABB44BE002E854A /* GreenButton.swift */,
				66A7391D2ACB156600A04304 /* customAlert.swift */,
			);
			path = Components;
			sourceTree = "<group>";
		};
		66A0221C2ABB3AF1002E854A /* Subviews */ = {
			isa = PBXGroup;
			children = (
				66A0221D2ABB3B13002E854A /* SliderView.swift */,
			);
			path = Subviews;
			sourceTree = "<group>";
		};
		66A022232ABB4B3A002E854A /* Model */ = {
			isa = PBXGroup;
			children = (
				66A022242ABB4B5E002E854A /* SliderType.swift */,
			);
			path = Model;
			sourceTree = "<group>";
		};
		66A0222C2ABC9858002E854A /* Service */ = {
			isa = PBXGroup;
			children = (
				66A0222D2ABC987B002E854A /* RealmManager.swift */,
			);
			path = Service;
			sourceTree = "<group>";
		};
		66A739122AC5C8A100A04304 /* Models */ = {
			isa = PBXGroup;
			children = (
				66A739132AC5C8B900A04304 /* DifferenceWorkout.swift */,
			);
			path = Models;
			sourceTree = "<group>";
		};
		66A739152ACAF80B00A04304 /* RepsWorkoutModule */ = {
			isa = PBXGroup;
			children = (
				66A739172ACAF84100A04304 /* Views */,
				66A739182ACAF84A00A04304 /* Controllers */,
			);
			path = RepsWorkoutModule;
			sourceTree = "<group>";
		};
		66A739162ACAF82300A04304 /* TimerWorkoutModule */ = {
			isa = PBXGroup;
			children = (
				66A739222ACD9C0300A04304 /* Views */,
				66A739212ACD9BFB00A04304 /* Controllers */,
			);
			path = TimerWorkoutModule;
			sourceTree = "<group>";
		};
		66A739172ACAF84100A04304 /* Views */ = {
			isa = PBXGroup;
			children = (
				66A7391B2ACAF99400A04304 /* WorkoutParametersView.swift */,
			);
			path = Views;
			sourceTree = "<group>";
		};
		66A739182ACAF84A00A04304 /* Controllers */ = {
			isa = PBXGroup;
			children = (
				66A739192ACAF97300A04304 /* RepsWorkoutViewController.swift */,
			);
			path = Controllers;
			sourceTree = "<group>";
		};
		66A739212ACD9BFB00A04304 /* Controllers */ = {
			isa = PBXGroup;
			children = (
				66A739232ACD9C2600A04304 /* TimerWorkoutViewController.swift */,
			);
			path = Controllers;
			sourceTree = "<group>";
		};
		66A739222ACD9C0300A04304 /* Views */ = {
			isa = PBXGroup;
			children = (
				66A739252ACD9C4D00A04304 /* TimerWorkoutParametersView.swift */,
			);
			path = Views;
			sourceTree = "<group>";
		};
		66A7392E2AD1738700A04304 /* SettingModule */ = {
			isa = PBXGroup;
			children = (
				66A7392F2AD173AD00A04304 /* Views */,
				66A739302AD173B600A04304 /* Controllers */,
			);
			path = SettingModule;
			sourceTree = "<group>";
		};
		66A7392F2AD173AD00A04304 /* Views */ = {
			isa = PBXGroup;
			children = (
				6610E12C2AE7F206000BB304 /* Cells */,
				66A739332AD1747300A04304 /* SettingsView.swift */,
			);
			path = Views;
			sourceTree = "<group>";
		};
		66A739302AD173B600A04304 /* Controllers */ = {
			isa = PBXGroup;
			children = (
				665269B62AD805ED00357F9C /* ProfileViewController.swift */,
				66A739312AD173D900A04304 /* SettingsViewController.swift */,
			);
			path = Controllers;
			sourceTree = "<group>";
		};
/* End PBXGroup section */

/* Begin PBXNativeTarget section */
		660422812AACA28F00FA3082 /* FitnesFirst */ = {
			isa = PBXNativeTarget;
			buildConfigurationList = 660422962AACA29100FA3082 /* Build configuration list for PBXNativeTarget "FitnesFirst" */;
			buildPhases = (
				6604227E2AACA28F00FA3082 /* Sources */,
				6604227F2AACA28F00FA3082 /* Frameworks */,
				660422802AACA28F00FA3082 /* Resources */,
			);
			buildRules = (
			);
			dependencies = (
			);
			name = FitnesFirst;
			packageProductDependencies = (
				66A022052AB89EFB002E854A /* Realm */,
				66A022072AB89EFB002E854A /* RealmSwift */,
			);
			productName = FitnesFirst;
			productReference = 660422822AACA28F00FA3082 /* FitnesFirst.app */;
			productType = "com.apple.product-type.application";
		};
/* End PBXNativeTarget section */

/* Begin PBXProject section */
		6604227A2AACA28F00FA3082 /* Project object */ = {
			isa = PBXProject;
			attributes = {
				BuildIndependentTargetsInParallel = 1;
				LastSwiftUpdateCheck = 1410;
				LastUpgradeCheck = 1410;
				TargetAttributes = {
					660422812AACA28F00FA3082 = {
						CreatedOnToolsVersion = 14.1;
					};
				};
			};
			buildConfigurationList = 6604227D2AACA28F00FA3082 /* Build configuration list for PBXProject "FitnesFirst" */;
			compatibilityVersion = "Xcode 14.0";
			developmentRegion = en;
			hasScannedForEncodings = 0;
			knownRegions = (
				en,
				Base,
			);
			mainGroup = 660422792AACA28F00FA3082;
			packageReferences = (
				66A022042AB89EFB002E854A /* XCRemoteSwiftPackageReference "realm-swift" */,
			);
			productRefGroup = 660422832AACA28F00FA3082 /* Products */;
			projectDirPath = "";
			projectRoot = "";
			targets = (
				660422812AACA28F00FA3082 /* FitnesFirst */,
			);
		};
/* End PBXProject section */

/* Begin PBXResourcesBuildPhase section */
		660422802AACA28F00FA3082 /* Resources */ = {
			isa = PBXResourcesBuildPhase;
			buildActionMask = 2147483647;
			files = (
				6604228F2AACA29100FA3082 /* Assets.xcassets in Resources */,
				664351EA2AB0AAF500F34132 /* Roboto-Bold.ttf in Resources */,
				664351E92AB0AAF500F34132 /* Roboto-Medium.ttf in Resources */,
			);
			runOnlyForDeploymentPostprocessing = 0;
		};
/* End PBXResourcesBuildPhase section */

/* Begin PBXSourcesBuildPhase section */
		6604227E2AACA28F00FA3082 /* Sources */ = {
			isa = PBXSourcesBuildPhase;
			buildActionMask = 2147483647;
			files = (
				66A022032AB74770002E854A /* StatisticsTableView.swift in Sources */,
				66A022292ABC8A54002E854A /* WorkoutModel.swift in Sources */,
				66A022202ABB3F91002E854A /* RepsOrTimerView.swift in Sources */,
				66A7391A2ACAF97300A04304 /* RepsWorkoutViewController.swift in Sources */,
				66A0222B2ABC9351002E854A /* Date + Extensions.swift in Sources */,
				66A022192ABB17C6002E854A /* DateAndRepeatView.swift in Sources */,
				660422A22AAF514A00FA3082 /* WeatherView.swift in Sources */,
				66A022152AB9D221002E854A /* NameView.swift in Sources */,
				66A7391C2ACAF99400A04304 /* WorkoutParametersView.swift in Sources */,
				66514E692AC07BAC00C3E7F9 /* UIViewController + Extensions.swift in Sources */,
				6610E12E2AED3C0F000BB304 /* UserModel.swift in Sources */,
				66A0221E2ABB3B13002E854A /* SliderView.swift in Sources */,
				66A0220B2AB8AB39002E854A /* MainTabBarController.swift in Sources */,
				66A739342AD1747300A04304 /* SettingsView.swift in Sources */,
				66A021F32AB356D6002E854A /* UILabel + Extensions.swift in Sources */,
				665269B52AD804CA00357F9C /* ProfileCollectionViewCell.swift in Sources */,
				66A022252ABB4B5E002E854A /* SliderType.swift in Sources */,
				6604228A2AACA28F00FA3082 /* MainViewController.swift in Sources */,
				66A022102AB9C1A8002E854A /* NewWorkoutViewController.swift in Sources */,
				66A739242ACD9C2600A04304 /* TimerWorkoutViewController.swift in Sources */,
				66A0221B2ABB3A16002E854A /* GreenSlider.swift in Sources */,
				66A021FF2AB7298D002E854A /* StatisticViewController.swift in Sources */,
				660422862AACA28F00FA3082 /* AppDelegate.swift in Sources */,
				66A021EA2AB0B960002E854A /* UIColor + Extensions.swift in Sources */,
				66A739322AD173D900A04304 /* SettingsViewController.swift in Sources */,
				66A021F12AB0C166002E854A /* CalendarCollectionViewCell.swift in Sources */,
				6610E1392AF287EC000BB304 /* NetworkImageRequest.swift in Sources */,
				66A022132AB9C56F002E854A /* CloseButton.swift in Sources */,
				66A739142AC5C8B900A04304 /* DifferenceWorkout.swift in Sources */,
				66A021F52AB35980002E854A /* MainTableView.swift in Sources */,
				66A021EE2AB0BF0C002E854A /* CalendarCollectionView.swift in Sources */,
				6610E1302AF242E2000BB304 /* Notifications.swift in Sources */,
				6610E1372AF27080000BB304 /* NetworkDataFetch.swift in Sources */,
				66A739112AC4841000A04304 /* UIStackView + Extensions.swift in Sources */,
				66A022012AB73DEC002E854A /* StaticticsTableViewCell.swift in Sources */,
				66A022272ABC8214002E854A /* Int + Extensions.swift in Sources */,
				66A739262ACD9C4D00A04304 /* TimerWorkoutParametersView.swift in Sources */,
				6610E1402AF2966F000BB304 /* OnboardingViewController.swift in Sources */,
				6610E13E2AF29581000BB304 /* OnboardingCollectionViewCell.swift in Sources */,
				66A021F72AB35B6B002E854A /* WorkoutTableViewCell.swift in Sources */,
				66A7391E2ACB156600A04304 /* customAlert.swift in Sources */,
				66A022172AB9D363002E854A /* BrownTextField.swift in Sources */,
				66A0222E2ABC987B002E854A /* RealmManager.swift in Sources */,
				66A021EC2AB0BBA5002E854A /* UIFont + Extensions.swift in Sources */,
				660422A02AAE232000FA3082 /* CalendarView.swift in Sources */,
				664351E52AB0A4BF00F34132 /* UIView + Extensions.swift in Sources */,
				6610E1352AF26BAF000BB304 /* NetworkRequest.swift in Sources */,
				6610E1322AF26857000BB304 /* WeatherModel.swift in Sources */,
				665269B72AD805ED00357F9C /* ProfileViewController.swift in Sources */,
				66A022222ABB44BE002E854A /* GreenButton.swift in Sources */,
				660422882AACA28F00FA3082 /* SceneDelegate.swift in Sources */,
			);
			runOnlyForDeploymentPostprocessing = 0;
		};
/* End PBXSourcesBuildPhase section */

/* Begin XCBuildConfiguration section */
		660422942AACA29100FA3082 /* Debug */ = {
			isa = XCBuildConfiguration;
			buildSettings = {
				ALWAYS_SEARCH_USER_PATHS = NO;
				CLANG_ANALYZER_NONNULL = YES;
				CLANG_ANALYZER_NUMBER_OBJECT_CONVERSION = YES_AGGRESSIVE;
				CLANG_CXX_LANGUAGE_STANDARD = "gnu++20";
				CLANG_ENABLE_MODULES = YES;
				CLANG_ENABLE_OBJC_ARC = YES;
				CLANG_ENABLE_OBJC_WEAK = YES;
				CLANG_WARN_BLOCK_CAPTURE_AUTORELEASING = YES;
				CLANG_WARN_BOOL_CONVERSION = YES;
				CLANG_WARN_COMMA = YES;
				CLANG_WARN_CONSTANT_CONVERSION = YES;
				CLANG_WARN_DEPRECATED_OBJC_IMPLEMENTATIONS = YES;
				CLANG_WARN_DIRECT_OBJC_ISA_USAGE = YES_ERROR;
				CLANG_WARN_DOCUMENTATION_COMMENTS = YES;
				CLANG_WARN_EMPTY_BODY = YES;
				CLANG_WARN_ENUM_CONVERSION = YES;
				CLANG_WARN_INFINITE_RECURSION = YES;
				CLANG_WARN_INT_CONVERSION = YES;
				CLANG_WARN_NON_LITERAL_NULL_CONVERSION = YES;
				CLANG_WARN_OBJC_IMPLICIT_RETAIN_SELF = YES;
				CLANG_WARN_OBJC_LITERAL_CONVERSION = YES;
				CLANG_WARN_OBJC_ROOT_CLASS = YES_ERROR;
				CLANG_WARN_QUOTED_INCLUDE_IN_FRAMEWORK_HEADER = YES;
				CLANG_WARN_RANGE_LOOP_ANALYSIS = YES;
				CLANG_WARN_STRICT_PROTOTYPES = YES;
				CLANG_WARN_SUSPICIOUS_MOVE = YES;
				CLANG_WARN_UNGUARDED_AVAILABILITY = YES_AGGRESSIVE;
				CLANG_WARN_UNREACHABLE_CODE = YES;
				CLANG_WARN__DUPLICATE_METHOD_MATCH = YES;
				COPY_PHASE_STRIP = NO;
				DEBUG_INFORMATION_FORMAT = dwarf;
				ENABLE_STRICT_OBJC_MSGSEND = YES;
				ENABLE_TESTABILITY = YES;
				GCC_C_LANGUAGE_STANDARD = gnu11;
				GCC_DYNAMIC_NO_PIC = NO;
				GCC_NO_COMMON_BLOCKS = YES;
				GCC_OPTIMIZATION_LEVEL = 0;
				GCC_PREPROCESSOR_DEFINITIONS = (
					"DEBUG=1",
					"$(inherited)",
				);
				GCC_WARN_64_TO_32_BIT_CONVERSION = YES;
				GCC_WARN_ABOUT_RETURN_TYPE = YES_ERROR;
				GCC_WARN_UNDECLARED_SELECTOR = YES;
				GCC_WARN_UNINITIALIZED_AUTOS = YES_AGGRESSIVE;
				GCC_WARN_UNUSED_FUNCTION = YES;
				GCC_WARN_UNUSED_VARIABLE = YES;
				IPHONEOS_DEPLOYMENT_TARGET = 16.1;
				MTL_ENABLE_DEBUG_INFO = INCLUDE_SOURCE;
				MTL_FAST_MATH = YES;
				ONLY_ACTIVE_ARCH = YES;
				SDKROOT = iphoneos;
				SWIFT_ACTIVE_COMPILATION_CONDITIONS = DEBUG;
				SWIFT_OPTIMIZATION_LEVEL = "-Onone";
			};
			name = Debug;
		};
		660422952AACA29100FA3082 /* Release */ = {
			isa = XCBuildConfiguration;
			buildSettings = {
				ALWAYS_SEARCH_USER_PATHS = NO;
				CLANG_ANALYZER_NONNULL = YES;
				CLANG_ANALYZER_NUMBER_OBJECT_CONVERSION = YES_AGGRESSIVE;
				CLANG_CXX_LANGUAGE_STANDARD = "gnu++20";
				CLANG_ENABLE_MODULES = YES;
				CLANG_ENABLE_OBJC_ARC = YES;
				CLANG_ENABLE_OBJC_WEAK = YES;
				CLANG_WARN_BLOCK_CAPTURE_AUTORELEASING = YES;
				CLANG_WARN_BOOL_CONVERSION = YES;
				CLANG_WARN_COMMA = YES;
				CLANG_WARN_CONSTANT_CONVERSION = YES;
				CLANG_WARN_DEPRECATED_OBJC_IMPLEMENTATIONS = YES;
				CLANG_WARN_DIRECT_OBJC_ISA_USAGE = YES_ERROR;
				CLANG_WARN_DOCUMENTATION_COMMENTS = YES;
				CLANG_WARN_EMPTY_BODY = YES;
				CLANG_WARN_ENUM_CONVERSION = YES;
				CLANG_WARN_INFINITE_RECURSION = YES;
				CLANG_WARN_INT_CONVERSION = YES;
				CLANG_WARN_NON_LITERAL_NULL_CONVERSION = YES;
				CLANG_WARN_OBJC_IMPLICIT_RETAIN_SELF = YES;
				CLANG_WARN_OBJC_LITERAL_CONVERSION = YES;
				CLANG_WARN_OBJC_ROOT_CLASS = YES_ERROR;
				CLANG_WARN_QUOTED_INCLUDE_IN_FRAMEWORK_HEADER = YES;
				CLANG_WARN_RANGE_LOOP_ANALYSIS = YES;
				CLANG_WARN_STRICT_PROTOTYPES = YES;
				CLANG_WARN_SUSPICIOUS_MOVE = YES;
				CLANG_WARN_UNGUARDED_AVAILABILITY = YES_AGGRESSIVE;
				CLANG_WARN_UNREACHABLE_CODE = YES;
				CLANG_WARN__DUPLICATE_METHOD_MATCH = YES;
				COPY_PHASE_STRIP = NO;
				DEBUG_INFORMATION_FORMAT = "dwarf-with-dsym";
				ENABLE_NS_ASSERTIONS = NO;
				ENABLE_STRICT_OBJC_MSGSEND = YES;
				GCC_C_LANGUAGE_STANDARD = gnu11;
				GCC_NO_COMMON_BLOCKS = YES;
				GCC_WARN_64_TO_32_BIT_CONVERSION = YES;
				GCC_WARN_ABOUT_RETURN_TYPE = YES_ERROR;
				GCC_WARN_UNDECLARED_SELECTOR = YES;
				GCC_WARN_UNINITIALIZED_AUTOS = YES_AGGRESSIVE;
				GCC_WARN_UNUSED_FUNCTION = YES;
				GCC_WARN_UNUSED_VARIABLE = YES;
				IPHONEOS_DEPLOYMENT_TARGET = 16.1;
				MTL_ENABLE_DEBUG_INFO = NO;
				MTL_FAST_MATH = YES;
				SDKROOT = iphoneos;
				SWIFT_COMPILATION_MODE = wholemodule;
				SWIFT_OPTIMIZATION_LEVEL = "-O";
				VALIDATE_PRODUCT = YES;
			};
			name = Release;
		};
		660422972AACA29100FA3082 /* Debug */ = {
			isa = XCBuildConfiguration;
			buildSettings = {
				ASSETCATALOG_COMPILER_APPICON_NAME = AppIcon;
				ASSETCATALOG_COMPILER_GLOBAL_ACCENT_COLOR_NAME = AccentColor;
				CODE_SIGN_STYLE = Automatic;
				CURRENT_PROJECT_VERSION = 1;
				DEVELOPMENT_TEAM = Q453TK55P5;
				GENERATE_INFOPLIST_FILE = YES;
				INFOPLIST_FILE = SupportingFiles/Info.plist;
				INFOPLIST_KEY_UIApplicationSupportsIndirectInputEvents = YES;
				INFOPLIST_KEY_UILaunchStoryboardName = LaunchScreen;
				INFOPLIST_KEY_UISupportedInterfaceOrientations = UIInterfaceOrientationPortrait;
				INFOPLIST_KEY_UISupportedInterfaceOrientations_iPad = "UIInterfaceOrientationLandscapeLeft UIInterfaceOrientationLandscapeRight UIInterfaceOrientationPortrait UIInterfaceOrientationPortraitUpsideDown";
				IPHONEOS_DEPLOYMENT_TARGET = 13.0;
				LD_RUNPATH_SEARCH_PATHS = (
					"$(inherited)",
					"@executable_path/Frameworks",
				);
				MARKETING_VERSION = 1.0;
				PRODUCT_BUNDLE_IDENTIFIER = "Dmitrii-Iakovlev.FitnesFirst";
				PRODUCT_NAME = "$(TARGET_NAME)";
				SUPPORTED_PLATFORMS = "iphoneos iphonesimulator";
				SUPPORTS_MACCATALYST = NO;
				SUPPORTS_MAC_DESIGNED_FOR_IPHONE_IPAD = NO;
				SWIFT_EMIT_LOC_STRINGS = YES;
				SWIFT_VERSION = 5.0;
				TARGETED_DEVICE_FAMILY = 1;
			};
			name = Debug;
		};
		660422982AACA29100FA3082 /* Release */ = {
			isa = XCBuildConfiguration;
			buildSettings = {
				ASSETCATALOG_COMPILER_APPICON_NAME = AppIcon;
				ASSETCATALOG_COMPILER_GLOBAL_ACCENT_COLOR_NAME = AccentColor;
				CODE_SIGN_STYLE = Automatic;
				CURRENT_PROJECT_VERSION = 1;
				DEVELOPMENT_TEAM = Q453TK55P5;
				GENERATE_INFOPLIST_FILE = YES;
				INFOPLIST_FILE = SupportingFiles/Info.plist;
				INFOPLIST_KEY_UIApplicationSupportsIndirectInputEvents = YES;
				INFOPLIST_KEY_UILaunchStoryboardName = LaunchScreen;
				INFOPLIST_KEY_UISupportedInterfaceOrientations = UIInterfaceOrientationPortrait;
				INFOPLIST_KEY_UISupportedInterfaceOrientations_iPad = "UIInterfaceOrientationLandscapeLeft UIInterfaceOrientationLandscapeRight UIInterfaceOrientationPortrait UIInterfaceOrientationPortraitUpsideDown";
				IPHONEOS_DEPLOYMENT_TARGET = 13.0;
				LD_RUNPATH_SEARCH_PATHS = (
					"$(inherited)",
					"@executable_path/Frameworks",
				);
				MARKETING_VERSION = 1.0;
				PRODUCT_BUNDLE_IDENTIFIER = "Dmitrii-Iakovlev.FitnesFirst";
				PRODUCT_NAME = "$(TARGET_NAME)";
				SUPPORTED_PLATFORMS = "iphoneos iphonesimulator";
				SUPPORTS_MACCATALYST = NO;
				SUPPORTS_MAC_DESIGNED_FOR_IPHONE_IPAD = NO;
				SWIFT_EMIT_LOC_STRINGS = YES;
				SWIFT_VERSION = 5.0;
				TARGETED_DEVICE_FAMILY = 1;
			};
			name = Release;
		};
/* End XCBuildConfiguration section */

/* Begin XCConfigurationList section */
		6604227D2AACA28F00FA3082 /* Build configuration list for PBXProject "FitnesFirst" */ = {
			isa = XCConfigurationList;
			buildConfigurations = (
				660422942AACA29100FA3082 /* Debug */,
				660422952AACA29100FA3082 /* Release */,
			);
			defaultConfigurationIsVisible = 0;
			defaultConfigurationName = Release;
		};
		660422962AACA29100FA3082 /* Build configuration list for PBXNativeTarget "FitnesFirst" */ = {
			isa = XCConfigurationList;
			buildConfigurations = (
				660422972AACA29100FA3082 /* Debug */,
				660422982AACA29100FA3082 /* Release */,
			);
			defaultConfigurationIsVisible = 0;
			defaultConfigurationName = Release;
		};
/* End XCConfigurationList section */

/* Begin XCRemoteSwiftPackageReference section */
		66A022042AB89EFB002E854A /* XCRemoteSwiftPackageReference "realm-swift" */ = {
			isa = XCRemoteSwiftPackageReference;
			repositoryURL = "https://github.com/realm/realm-swift.git";
			requirement = {
				branch = master;
				kind = branch;
			};
		};
/* End XCRemoteSwiftPackageReference section */

/* Begin XCSwiftPackageProductDependency section */
		66A022052AB89EFB002E854A /* Realm */ = {
			isa = XCSwiftPackageProductDependency;
			package = 66A022042AB89EFB002E854A /* XCRemoteSwiftPackageReference "realm-swift" */;
			productName = Realm;
		};
		66A022072AB89EFB002E854A /* RealmSwift */ = {
			isa = XCSwiftPackageProductDependency;
			package = 66A022042AB89EFB002E854A /* XCRemoteSwiftPackageReference "realm-swift" */;
			productName = RealmSwift;
		};
/* End XCSwiftPackageProductDependency section */
	};
	rootObject = 6604227A2AACA28F00FA3082 /* Project object */;
}
